// !$*UTF8*$!
{
	archiveVersion = 1;
	classes = {
	};
	objectVersion = 50;
	objects = {

/* Begin PBXBuildFile section */
		0520340C2128EFB100526EA6 /* AppDelegate.swift in Sources */ = {isa = PBXBuildFile; fileRef = 0520340B2128EFB100526EA6 /* AppDelegate.swift */; };
		0520340E2128EFB100526EA6 /* GameScene.sks in Resources */ = {isa = PBXBuildFile; fileRef = 0520340D2128EFB100526EA6 /* GameScene.sks */; };
		052034122128EFB100526EA6 /* GameScene.swift in Sources */ = {isa = PBXBuildFile; fileRef = 052034112128EFB100526EA6 /* GameScene.swift */; };
		052034142128EFB100526EA6 /* GameViewController.swift in Sources */ = {isa = PBXBuildFile; fileRef = 052034132128EFB100526EA6 /* GameViewController.swift */; };
		052034192128EFB200526EA6 /* Assets.xcassets in Resources */ = {isa = PBXBuildFile; fileRef = 052034182128EFB200526EA6 /* Assets.xcassets */; };
		052034272128EFB200526EA6 /* long_rogueTests.swift in Sources */ = {isa = PBXBuildFile; fileRef = 052034262128EFB200526EA6 /* long_rogueTests.swift */; };
		052034322128EFB200526EA6 /* long_rogueUITests.swift in Sources */ = {isa = PBXBuildFile; fileRef = 052034312128EFB200526EA6 /* long_rogueUITests.swift */; };
		052034482128F4F000526EA6 /* room.swift in Sources */ = {isa = PBXBuildFile; fileRef = 052034472128F4F000526EA6 /* room.swift */; };
		0539F3BA21A77970004E9082 /* tile.swift in Sources */ = {isa = PBXBuildFile; fileRef = 0539F3A421A77965004E9082 /* tile.swift */; };
		0539F3BC21A77970004E9082 /* Base.lproj in Resources */ = {isa = PBXBuildFile; fileRef = 0539F3A621A77966004E9082 /* Base.lproj */; };
		0539F3BD21A77970004E9082 /* path.swift in Sources */ = {isa = PBXBuildFile; fileRef = 0539F3A721A77967004E9082 /* path.swift */; };
		0539F3BE21A77970004E9082 /* cell_auto.swift in Sources */ = {isa = PBXBuildFile; fileRef = 0539F3A821A77967004E9082 /* cell_auto.swift */; };
		0539F3C121A77970004E9082 /* types.swift in Sources */ = {isa = PBXBuildFile; fileRef = 0539F3AB21A77968004E9082 /* types.swift */; };
		0539F3C221A77970004E9082 /* ideas in Resources */ = {isa = PBXBuildFile; fileRef = 0539F3AC21A77969004E9082 /* ideas */; };
		0539F3C421A77970004E9082 /* level.swift in Sources */ = {isa = PBXBuildFile; fileRef = 0539F3AE21A7796A004E9082 /* level.swift */; };
		0539F3C621A77970004E9082 /* enemy.swift in Sources */ = {isa = PBXBuildFile; fileRef = 0539F3B021A7796B004E9082 /* enemy.swift */; };
		0539F3C821A77970004E9082 /* Actions.sks in Resources */ = {isa = PBXBuildFile; fileRef = 0539F3B221A7796C004E9082 /* Actions.sks */; };
		0539F3CB21A77970004E9082 /* item.swift in Sources */ = {isa = PBXBuildFile; fileRef = 0539F3B521A7796D004E9082 /* item.swift */; };
		0539F3CF21A77970004E9082 /* bottom_hud.swift in Sources */ = {isa = PBXBuildFile; fileRef = 0539F3B921A77970004E9082 /* bottom_hud.swift */; };
		0539F3D521A77EF2004E9082 /* globals.swift in Sources */ = {isa = PBXBuildFile; fileRef = 0539F3D421A77EF2004E9082 /* globals.swift */; };
		053CD7C621B6295900F21645 /* Main.storyboard in Resources */ = {isa = PBXBuildFile; fileRef = 053CD7C421B6295900F21645 /* Main.storyboard */; };
		053CD7C821B630EF00F21645 /* Fleftex_M.ttf in Resources */ = {isa = PBXBuildFile; fileRef = 053CD7C721B630EF00F21645 /* Fleftex_M.ttf */; };
		053CD7CC21B63A7400F21645 /* status_box.swift in Sources */ = {isa = PBXBuildFile; fileRef = 053CD7CB21B63A7400F21645 /* status_box.swift */; };
		053CD7CE21B63BE400F21645 /* log.swift in Sources */ = {isa = PBXBuildFile; fileRef = 053CD7CD21B63BE400F21645 /* log.swift */; };
		053CD7D121B64B7600F21645 /* menu_box.swift in Sources */ = {isa = PBXBuildFile; fileRef = 053CD7D021B64B7600F21645 /* menu_box.swift */; };
		057CA3032162FCB7007C80F9 /* objects.swift in Sources */ = {isa = PBXBuildFile; fileRef = 057CA3022162FCB7007C80F9 /* objects.swift */; };
		058DD8CD212D22E100CB10D2 /* player.swift in Sources */ = {isa = PBXBuildFile; fileRef = 058DD8CC212D22E100CB10D2 /* player.swift */; };
		05943D0A21BE149C001D09AF /* menu.swift in Sources */ = {isa = PBXBuildFile; fileRef = 05943D0921BE149C001D09AF /* menu.swift */; };
		05943D0D21BF48D7001D09AF /* menu_title.swift in Sources */ = {isa = PBXBuildFile; fileRef = 05943D0C21BF48D7001D09AF /* menu_title.swift */; };
		05943D0F21BF4D90001D09AF /* player_status.swift in Sources */ = {isa = PBXBuildFile; fileRef = 05943D0E21BF4D90001D09AF /* player_status.swift */; };
		05943D1321BF5F2F001D09AF /* bag_title.swift in Sources */ = {isa = PBXBuildFile; fileRef = 05943D1221BF5F2F001D09AF /* bag_title.swift */; };
		05943D1521BF62F0001D09AF /* bag.swift in Sources */ = {isa = PBXBuildFile; fileRef = 05943D1421BF62F0001D09AF /* bag.swift */; };
		05A4AB1E2164780F009C4D28 /* top_hud.swift in Sources */ = {isa = PBXBuildFile; fileRef = 05A4AB1D2164780F009C4D28 /* top_hud.swift */; };
/* End PBXBuildFile section */

/* Begin PBXContainerItemProxy section */
		052034232128EFB200526EA6 /* PBXContainerItemProxy */ = {
			isa = PBXContainerItemProxy;
			containerPortal = 052034002128EFB000526EA6 /* Project object */;
			proxyType = 1;
			remoteGlobalIDString = 052034072128EFB100526EA6;
			remoteInfo = "long rogue";
		};
		0520342E2128EFB200526EA6 /* PBXContainerItemProxy */ = {
			isa = PBXContainerItemProxy;
			containerPortal = 052034002128EFB000526EA6 /* Project object */;
			proxyType = 1;
			remoteGlobalIDString = 052034072128EFB100526EA6;
			remoteInfo = "long rogue";
		};
/* End PBXContainerItemProxy section */

/* Begin PBXFileReference section */
		052034082128EFB100526EA6 /* long rogue.app */ = {isa = PBXFileReference; explicitFileType = wrapper.application; includeInIndex = 0; path = "long rogue.app"; sourceTree = BUILT_PRODUCTS_DIR; };
		0520340B2128EFB100526EA6 /* AppDelegate.swift */ = {isa = PBXFileReference; lastKnownFileType = sourcecode.swift; path = AppDelegate.swift; sourceTree = "<group>"; };
		0520340D2128EFB100526EA6 /* GameScene.sks */ = {isa = PBXFileReference; lastKnownFileType = file.sks; path = GameScene.sks; sourceTree = "<group>"; };
		052034112128EFB100526EA6 /* GameScene.swift */ = {isa = PBXFileReference; lastKnownFileType = sourcecode.swift; path = GameScene.swift; sourceTree = "<group>"; };
		052034132128EFB100526EA6 /* GameViewController.swift */ = {isa = PBXFileReference; lastKnownFileType = sourcecode.swift; path = GameViewController.swift; sourceTree = "<group>"; };
		052034182128EFB200526EA6 /* Assets.xcassets */ = {isa = PBXFileReference; lastKnownFileType = folder.assetcatalog; path = Assets.xcassets; sourceTree = "<group>"; };
		052034222128EFB200526EA6 /* long rogueTests.xctest */ = {isa = PBXFileReference; explicitFileType = wrapper.cfbundle; includeInIndex = 0; path = "long rogueTests.xctest"; sourceTree = BUILT_PRODUCTS_DIR; };
		052034262128EFB200526EA6 /* long_rogueTests.swift */ = {isa = PBXFileReference; lastKnownFileType = sourcecode.swift; path = long_rogueTests.swift; sourceTree = "<group>"; };
		052034282128EFB200526EA6 /* Info.plist */ = {isa = PBXFileReference; lastKnownFileType = text.plist.xml; path = Info.plist; sourceTree = "<group>"; };
		0520342D2128EFB200526EA6 /* long rogueUITests.xctest */ = {isa = PBXFileReference; explicitFileType = wrapper.cfbundle; includeInIndex = 0; path = "long rogueUITests.xctest"; sourceTree = BUILT_PRODUCTS_DIR; };
		052034312128EFB200526EA6 /* long_rogueUITests.swift */ = {isa = PBXFileReference; lastKnownFileType = sourcecode.swift; path = long_rogueUITests.swift; sourceTree = "<group>"; };
		052034332128EFB200526EA6 /* Info.plist */ = {isa = PBXFileReference; lastKnownFileType = text.plist.xml; path = Info.plist; sourceTree = "<group>"; };
		052034472128F4F000526EA6 /* room.swift */ = {isa = PBXFileReference; lastKnownFileType = sourcecode.swift; path = room.swift; sourceTree = "<group>"; };
		0539F3A421A77965004E9082 /* tile.swift */ = {isa = PBXFileReference; fileEncoding = 4; lastKnownFileType = sourcecode.swift; path = tile.swift; sourceTree = "<group>"; };
		0539F3A621A77966004E9082 /* Base.lproj */ = {isa = PBXFileReference; lastKnownFileType = folder; path = Base.lproj; sourceTree = "<group>"; };
		0539F3A721A77967004E9082 /* path.swift */ = {isa = PBXFileReference; fileEncoding = 4; lastKnownFileType = sourcecode.swift; path = path.swift; sourceTree = "<group>"; };
		0539F3A821A77967004E9082 /* cell_auto.swift */ = {isa = PBXFileReference; fileEncoding = 4; lastKnownFileType = sourcecode.swift; path = cell_auto.swift; sourceTree = "<group>"; };
		0539F3AB21A77968004E9082 /* types.swift */ = {isa = PBXFileReference; fileEncoding = 4; lastKnownFileType = sourcecode.swift; path = types.swift; sourceTree = "<group>"; };
		0539F3AC21A77969004E9082 /* ideas */ = {isa = PBXFileReference; fileEncoding = 4; lastKnownFileType = text; path = ideas; sourceTree = "<group>"; };
		0539F3AE21A7796A004E9082 /* level.swift */ = {isa = PBXFileReference; fileEncoding = 4; lastKnownFileType = sourcecode.swift; path = level.swift; sourceTree = "<group>"; };
		0539F3B021A7796B004E9082 /* enemy.swift */ = {isa = PBXFileReference; fileEncoding = 4; lastKnownFileType = sourcecode.swift; path = enemy.swift; sourceTree = "<group>"; };
		0539F3B221A7796C004E9082 /* Actions.sks */ = {isa = PBXFileReference; lastKnownFileType = file.sks; path = Actions.sks; sourceTree = "<group>"; };
		0539F3B521A7796D004E9082 /* item.swift */ = {isa = PBXFileReference; fileEncoding = 4; lastKnownFileType = sourcecode.swift; path = item.swift; sourceTree = "<group>"; };
		0539F3B921A77970004E9082 /* bottom_hud.swift */ = {isa = PBXFileReference; fileEncoding = 4; lastKnownFileType = sourcecode.swift; path = bottom_hud.swift; sourceTree = "<group>"; };
		0539F3D021A779FD004E9082 /* Info.plist */ = {isa = PBXFileReference; fileEncoding = 4; lastKnownFileType = text.plist.xml; path = Info.plist; sourceTree = "<group>"; };
		0539F3D421A77EF2004E9082 /* globals.swift */ = {isa = PBXFileReference; lastKnownFileType = sourcecode.swift; path = globals.swift; sourceTree = "<group>"; };
		053CD7C521B6295900F21645 /* Base */ = {isa = PBXFileReference; lastKnownFileType = file.storyboard; name = Base; path = "long rogue/Base.lproj/Main.storyboard"; sourceTree = "<group>"; };
		053CD7C721B630EF00F21645 /* Fleftex_M.ttf */ = {isa = PBXFileReference; lastKnownFileType = file; path = Fleftex_M.ttf; sourceTree = "<group>"; };
		053CD7CB21B63A7400F21645 /* status_box.swift */ = {isa = PBXFileReference; lastKnownFileType = sourcecode.swift; path = status_box.swift; sourceTree = "<group>"; };
		053CD7CD21B63BE400F21645 /* log.swift */ = {isa = PBXFileReference; lastKnownFileType = sourcecode.swift; path = log.swift; sourceTree = "<group>"; };
		053CD7D021B64B7600F21645 /* menu_box.swift */ = {isa = PBXFileReference; lastKnownFileType = sourcecode.swift; path = menu_box.swift; sourceTree = "<group>"; };
		057CA3022162FCB7007C80F9 /* objects.swift */ = {isa = PBXFileReference; lastKnownFileType = sourcecode.swift; path = objects.swift; sourceTree = "<group>"; };
		058DD8CC212D22E100CB10D2 /* player.swift */ = {isa = PBXFileReference; lastKnownFileType = sourcecode.swift; path = player.swift; sourceTree = "<group>"; };
		05943D0921BE149C001D09AF /* menu.swift */ = {isa = PBXFileReference; lastKnownFileType = sourcecode.swift; path = menu.swift; sourceTree = "<group>"; };
		05943D0C21BF48D7001D09AF /* menu_title.swift */ = {isa = PBXFileReference; lastKnownFileType = sourcecode.swift; path = menu_title.swift; sourceTree = "<group>"; };
		05943D0E21BF4D90001D09AF /* player_status.swift */ = {isa = PBXFileReference; lastKnownFileType = sourcecode.swift; path = player_status.swift; sourceTree = "<group>"; };
		05943D1221BF5F2F001D09AF /* bag_title.swift */ = {isa = PBXFileReference; lastKnownFileType = sourcecode.swift; path = bag_title.swift; sourceTree = "<group>"; };
		05943D1421BF62F0001D09AF /* bag.swift */ = {isa = PBXFileReference; lastKnownFileType = sourcecode.swift; path = bag.swift; sourceTree = "<group>"; };
		05A4AB1D2164780F009C4D28 /* top_hud.swift */ = {isa = PBXFileReference; lastKnownFileType = sourcecode.swift; path = top_hud.swift; sourceTree = "<group>"; };
/* End PBXFileReference section */

/* Begin PBXFrameworksBuildPhase section */
		052034052128EFB100526EA6 /* Frameworks */ = {
			isa = PBXFrameworksBuildPhase;
			buildActionMask = 2147483647;
			files = (
			);
			runOnlyForDeploymentPostprocessing = 0;
		};
		0520341F2128EFB200526EA6 /* Frameworks */ = {
			isa = PBXFrameworksBuildPhase;
			buildActionMask = 2147483647;
			files = (
			);
			runOnlyForDeploymentPostprocessing = 0;
		};
		0520342A2128EFB200526EA6 /* Frameworks */ = {
			isa = PBXFrameworksBuildPhase;
			buildActionMask = 2147483647;
			files = (
			);
			runOnlyForDeploymentPostprocessing = 0;
		};
/* End PBXFrameworksBuildPhase section */

/* Begin PBXGroup section */
		052033FF2128EFB000526EA6 = {
			isa = PBXGroup;
			children = (
				053CD7C421B6295900F21645 /* Main.storyboard */,
				0520340A2128EFB100526EA6 /* long rogue */,
				053CD7C921B6311200F21645 /* fonts */,
				052034252128EFB200526EA6 /* long rogueTests */,
				052034302128EFB200526EA6 /* long rogueUITests */,
				052034092128EFB100526EA6 /* Products */,
			);
			sourceTree = "<group>";
		};
		052034092128EFB100526EA6 /* Products */ = {
			isa = PBXGroup;
			children = (
				052034082128EFB100526EA6 /* long rogue.app */,
				052034222128EFB200526EA6 /* long rogueTests.xctest */,
				0520342D2128EFB200526EA6 /* long rogueUITests.xctest */,
			);
			name = Products;
			sourceTree = "<group>";
		};
		0520340A2128EFB100526EA6 /* long rogue */ = {
			isa = PBXGroup;
			children = (
				0539F3AC21A77969004E9082 /* ideas */,
				0539F3B221A7796C004E9082 /* Actions.sks */,
				0520340B2128EFB100526EA6 /* AppDelegate.swift */,
				0520340D2128EFB100526EA6 /* GameScene.sks */,
				052034182128EFB200526EA6 /* Assets.xcassets */,
				0539F3A621A77966004E9082 /* Base.lproj */,
				052034132128EFB100526EA6 /* GameViewController.swift */,
				052034112128EFB100526EA6 /* GameScene.swift */,
				0539F3D421A77EF2004E9082 /* globals.swift */,
				053CD7CA21B63A5D00F21645 /* bottom_hud */,
				05943D0B21BE14B5001D09AF /* menu */,
				0539F3B021A7796B004E9082 /* enemy.swift */,
				0539F3A821A77967004E9082 /* cell_auto.swift */,
				0539F3B521A7796D004E9082 /* item.swift */,
				0539F3AE21A7796A004E9082 /* level.swift */,
				0539F3A721A77967004E9082 /* path.swift */,
				0539F3A421A77965004E9082 /* tile.swift */,
				0539F3AB21A77968004E9082 /* types.swift */,
				05A4AB1D2164780F009C4D28 /* top_hud.swift */,
				052034472128F4F000526EA6 /* room.swift */,
				058DD8CC212D22E100CB10D2 /* player.swift */,
				057CA3022162FCB7007C80F9 /* objects.swift */,
				0539F3D021A779FD004E9082 /* Info.plist */,
			);
			path = "long rogue";
			sourceTree = "<group>";
		};
		052034252128EFB200526EA6 /* long rogueTests */ = {
			isa = PBXGroup;
			children = (
				052034262128EFB200526EA6 /* long_rogueTests.swift */,
				052034282128EFB200526EA6 /* Info.plist */,
			);
			path = "long rogueTests";
			sourceTree = "<group>";
		};
		052034302128EFB200526EA6 /* long rogueUITests */ = {
			isa = PBXGroup;
			children = (
				052034312128EFB200526EA6 /* long_rogueUITests.swift */,
				052034332128EFB200526EA6 /* Info.plist */,
			);
			path = "long rogueUITests";
			sourceTree = "<group>";
		};
		053CD7C921B6311200F21645 /* fonts */ = {
			isa = PBXGroup;
			children = (
				053CD7C721B630EF00F21645 /* Fleftex_M.ttf */,
			);
			path = fonts;
			sourceTree = "<group>";
		};
		053CD7CA21B63A5D00F21645 /* bottom_hud */ = {
			isa = PBXGroup;
			children = (
				0539F3B921A77970004E9082 /* bottom_hud.swift */,
				053CD7CB21B63A7400F21645 /* status_box.swift */,
				053CD7CD21B63BE400F21645 /* log.swift */,
				053CD7D021B64B7600F21645 /* menu_box.swift */,
			);
			path = bottom_hud;
			sourceTree = "<group>";
		};
		05943D0B21BE14B5001D09AF /* menu */ = {
			isa = PBXGroup;
			children = (
				05943D0921BE149C001D09AF /* menu.swift */,
				05943D0C21BF48D7001D09AF /* menu_title.swift */,
				05943D0E21BF4D90001D09AF /* player_status.swift */,
				05943D1221BF5F2F001D09AF /* bag_title.swift */,
				05943D1421BF62F0001D09AF /* bag.swift */,
			);
			path = menu;
			sourceTree = "<group>";
		};
/* End PBXGroup section */

/* Begin PBXNativeTarget section */
		052034072128EFB100526EA6 /* long rogue */ = {
			isa = PBXNativeTarget;
			buildConfigurationList = 052034362128EFB200526EA6 /* Build configuration list for PBXNativeTarget "long rogue" */;
			buildPhases = (
				052034042128EFB100526EA6 /* Sources */,
				052034052128EFB100526EA6 /* Frameworks */,
				052034062128EFB100526EA6 /* Resources */,
			);
			buildRules = (
			);
			dependencies = (
			);
			name = "long rogue";
			productName = "long rogue";
			productReference = 052034082128EFB100526EA6 /* long rogue.app */;
			productType = "com.apple.product-type.application";
		};
		052034212128EFB200526EA6 /* long rogueTests */ = {
			isa = PBXNativeTarget;
			buildConfigurationList = 052034392128EFB200526EA6 /* Build configuration list for PBXNativeTarget "long rogueTests" */;
			buildPhases = (
				0520341E2128EFB200526EA6 /* Sources */,
				0520341F2128EFB200526EA6 /* Frameworks */,
				052034202128EFB200526EA6 /* Resources */,
			);
			buildRules = (
			);
			dependencies = (
				052034242128EFB200526EA6 /* PBXTargetDependency */,
			);
			name = "long rogueTests";
			productName = "long rogueTests";
			productReference = 052034222128EFB200526EA6 /* long rogueTests.xctest */;
			productType = "com.apple.product-type.bundle.unit-test";
		};
		0520342C2128EFB200526EA6 /* long rogueUITests */ = {
			isa = PBXNativeTarget;
			buildConfigurationList = 0520343C2128EFB200526EA6 /* Build configuration list for PBXNativeTarget "long rogueUITests" */;
			buildPhases = (
				052034292128EFB200526EA6 /* Sources */,
				0520342A2128EFB200526EA6 /* Frameworks */,
				0520342B2128EFB200526EA6 /* Resources */,
			);
			buildRules = (
			);
			dependencies = (
				0520342F2128EFB200526EA6 /* PBXTargetDependency */,
			);
			name = "long rogueUITests";
			productName = "long rogueUITests";
			productReference = 0520342D2128EFB200526EA6 /* long rogueUITests.xctest */;
			productType = "com.apple.product-type.bundle.ui-testing";
		};
/* End PBXNativeTarget section */

/* Begin PBXProject section */
		052034002128EFB000526EA6 /* Project object */ = {
			isa = PBXProject;
			attributes = {
				LastSwiftUpdateCheck = 0940;
				LastUpgradeCheck = 0940;
				ORGANIZATIONNAME = "rafael de los santos";
				TargetAttributes = {
					052034072128EFB100526EA6 = {
						CreatedOnToolsVersion = 9.4.1;
					};
					052034212128EFB200526EA6 = {
						CreatedOnToolsVersion = 9.4.1;
						TestTargetID = 052034072128EFB100526EA6;
					};
					0520342C2128EFB200526EA6 = {
						CreatedOnToolsVersion = 9.4.1;
						TestTargetID = 052034072128EFB100526EA6;
					};
				};
			};
			buildConfigurationList = 052034032128EFB000526EA6 /* Build configuration list for PBXProject "long rogue" */;
			compatibilityVersion = "Xcode 9.3";
			developmentRegion = en;
			hasScannedForEncodings = 0;
			knownRegions = (
				en,
				Base,
			);
			mainGroup = 052033FF2128EFB000526EA6;
			productRefGroup = 052034092128EFB100526EA6 /* Products */;
			projectDirPath = "";
			projectRoot = "";
			targets = (
				052034072128EFB100526EA6 /* long rogue */,
				052034212128EFB200526EA6 /* long rogueTests */,
				0520342C2128EFB200526EA6 /* long rogueUITests */,
			);
		};
/* End PBXProject section */

/* Begin PBXResourcesBuildPhase section */
		052034062128EFB100526EA6 /* Resources */ = {
			isa = PBXResourcesBuildPhase;
			buildActionMask = 2147483647;
			files = (
				053CD7C821B630EF00F21645 /* Fleftex_M.ttf in Resources */,
				053CD7C621B6295900F21645 /* Main.storyboard in Resources */,
				0520340E2128EFB100526EA6 /* GameScene.sks in Resources */,
				0539F3BC21A77970004E9082 /* Base.lproj in Resources */,
				052034192128EFB200526EA6 /* Assets.xcassets in Resources */,
				0539F3C821A77970004E9082 /* Actions.sks in Resources */,
				0539F3C221A77970004E9082 /* ideas in Resources */,
			);
			runOnlyForDeploymentPostprocessing = 0;
		};
		052034202128EFB200526EA6 /* Resources */ = {
			isa = PBXResourcesBuildPhase;
			buildActionMask = 2147483647;
			files = (
			);
			runOnlyForDeploymentPostprocessing = 0;
		};
		0520342B2128EFB200526EA6 /* Resources */ = {
			isa = PBXResourcesBuildPhase;
			buildActionMask = 2147483647;
			files = (
			);
			runOnlyForDeploymentPostprocessing = 0;
		};
/* End PBXResourcesBuildPhase section */

/* Begin PBXSourcesBuildPhase section */
		052034042128EFB100526EA6 /* Sources */ = {
			isa = PBXSourcesBuildPhase;
			buildActionMask = 2147483647;
			files = (
				053CD7CC21B63A7400F21645 /* status_box.swift in Sources */,
				053CD7D121B64B7600F21645 /* menu_box.swift in Sources */,
				0539F3CF21A77970004E9082 /* bottom_hud.swift in Sources */,
				0539F3C621A77970004E9082 /* enemy.swift in Sources */,
				05943D0F21BF4D90001D09AF /* player_status.swift in Sources */,
				052034122128EFB100526EA6 /* GameScene.swift in Sources */,
				053CD7CE21B63BE400F21645 /* log.swift in Sources */,
				052034482128F4F000526EA6 /* room.swift in Sources */,
				05A4AB1E2164780F009C4D28 /* top_hud.swift in Sources */,
				052034142128EFB100526EA6 /* GameViewController.swift in Sources */,
				058DD8CD212D22E100CB10D2 /* player.swift in Sources */,
				05943D0A21BE149C001D09AF /* menu.swift in Sources */,
				0539F3C121A77970004E9082 /* types.swift in Sources */,
				057CA3032162FCB7007C80F9 /* objects.swift in Sources */,
				0539F3BE21A77970004E9082 /* cell_auto.swift in Sources */,
				0520340C2128EFB100526EA6 /* AppDelegate.swift in Sources */,
				0539F3CB21A77970004E9082 /* item.swift in Sources */,
				05943D1521BF62F0001D09AF /* bag.swift in Sources */,
				0539F3D521A77EF2004E9082 /* globals.swift in Sources */,
				05943D0D21BF48D7001D09AF /* menu_title.swift in Sources */,
				0539F3BD21A77970004E9082 /* path.swift in Sources */,
				05943D1321BF5F2F001D09AF /* bag_title.swift in Sources */,
				0539F3BA21A77970004E9082 /* tile.swift in Sources */,
				0539F3C421A77970004E9082 /* level.swift in Sources */,
			);
			runOnlyForDeploymentPostprocessing = 0;
		};
		0520341E2128EFB200526EA6 /* Sources */ = {
			isa = PBXSourcesBuildPhase;
			buildActionMask = 2147483647;
			files = (
				052034272128EFB200526EA6 /* long_rogueTests.swift in Sources */,
			);
			runOnlyForDeploymentPostprocessing = 0;
		};
		052034292128EFB200526EA6 /* Sources */ = {
			isa = PBXSourcesBuildPhase;
			buildActionMask = 2147483647;
			files = (
				052034322128EFB200526EA6 /* long_rogueUITests.swift in Sources */,
			);
			runOnlyForDeploymentPostprocessing = 0;
		};
/* End PBXSourcesBuildPhase section */

/* Begin PBXTargetDependency section */
		052034242128EFB200526EA6 /* PBXTargetDependency */ = {
			isa = PBXTargetDependency;
			target = 052034072128EFB100526EA6 /* long rogue */;
			targetProxy = 052034232128EFB200526EA6 /* PBXContainerItemProxy */;
		};
		0520342F2128EFB200526EA6 /* PBXTargetDependency */ = {
			isa = PBXTargetDependency;
			target = 052034072128EFB100526EA6 /* long rogue */;
			targetProxy = 0520342E2128EFB200526EA6 /* PBXContainerItemProxy */;
		};
/* End PBXTargetDependency section */

/* Begin PBXVariantGroup section */
		053CD7C421B6295900F21645 /* Main.storyboard */ = {
			isa = PBXVariantGroup;
			children = (
				053CD7C521B6295900F21645 /* Base */,
			);
			name = Main.storyboard;
			sourceTree = "<group>";
		};
/* End PBXVariantGroup section */

/* Begin XCBuildConfiguration section */
		052034342128EFB200526EA6 /* Debug */ = {
			isa = XCBuildConfiguration;
			buildSettings = {
				ALWAYS_SEARCH_USER_PATHS = NO;
				CLANG_ANALYZER_NONNULL = YES;
				CLANG_ANALYZER_NUMBER_OBJECT_CONVERSION = YES_AGGRESSIVE;
				CLANG_CXX_LANGUAGE_STANDARD = "gnu++14";
				CLANG_CXX_LIBRARY = "libc++";
				CLANG_ENABLE_MODULES = YES;
				CLANG_ENABLE_OBJC_ARC = YES;
				CLANG_ENABLE_OBJC_WEAK = YES;
				CLANG_WARN_BLOCK_CAPTURE_AUTORELEASING = YES;
				CLANG_WARN_BOOL_CONVERSION = YES;
				CLANG_WARN_COMMA = YES;
				CLANG_WARN_CONSTANT_CONVERSION = YES;
				CLANG_WARN_DEPRECATED_OBJC_IMPLEMENTATIONS = YES;
				CLANG_WARN_DIRECT_OBJC_ISA_USAGE = YES_ERROR;
				CLANG_WARN_DOCUMENTATION_COMMENTS = YES;
				CLANG_WARN_EMPTY_BODY = YES;
				CLANG_WARN_ENUM_CONVERSION = YES;
				CLANG_WARN_INFINITE_RECURSION = YES;
				CLANG_WARN_INT_CONVERSION = YES;
				CLANG_WARN_NON_LITERAL_NULL_CONVERSION = YES;
				CLANG_WARN_OBJC_IMPLICIT_RETAIN_SELF = YES;
				CLANG_WARN_OBJC_LITERAL_CONVERSION = YES;
				CLANG_WARN_OBJC_ROOT_CLASS = YES_ERROR;
				CLANG_WARN_RANGE_LOOP_ANALYSIS = YES;
				CLANG_WARN_STRICT_PROTOTYPES = YES;
				CLANG_WARN_SUSPICIOUS_MOVE = YES;
				CLANG_WARN_UNGUARDED_AVAILABILITY = YES_AGGRESSIVE;
				CLANG_WARN_UNREACHABLE_CODE = YES;
				CLANG_WARN__DUPLICATE_METHOD_MATCH = YES;
				CODE_SIGN_IDENTITY = "iPhone Developer";
				COPY_PHASE_STRIP = NO;
				DEBUG_INFORMATION_FORMAT = dwarf;
				ENABLE_STRICT_OBJC_MSGSEND = YES;
				ENABLE_TESTABILITY = YES;
				GCC_C_LANGUAGE_STANDARD = gnu11;
				GCC_DYNAMIC_NO_PIC = NO;
				GCC_NO_COMMON_BLOCKS = YES;
				GCC_OPTIMIZATION_LEVEL = 0;
				GCC_PREPROCESSOR_DEFINITIONS = (
					"DEBUG=1",
					"$(inherited)",
				);
				GCC_WARN_64_TO_32_BIT_CONVERSION = YES;
				GCC_WARN_ABOUT_RETURN_TYPE = YES_ERROR;
				GCC_WARN_UNDECLARED_SELECTOR = YES;
				GCC_WARN_UNINITIALIZED_AUTOS = YES_AGGRESSIVE;
				GCC_WARN_UNUSED_FUNCTION = YES;
				GCC_WARN_UNUSED_VARIABLE = YES;
				IPHONEOS_DEPLOYMENT_TARGET = 11.4;
				MTL_ENABLE_DEBUG_INFO = YES;
				ONLY_ACTIVE_ARCH = YES;
				SDKROOT = iphoneos;
				SWIFT_ACTIVE_COMPILATION_CONDITIONS = DEBUG;
				SWIFT_OPTIMIZATION_LEVEL = "-Onone";
			};
			name = Debug;
		};
		052034352128EFB200526EA6 /* Release */ = {
			isa = XCBuildConfiguration;
			buildSettings = {
				ALWAYS_SEARCH_USER_PATHS = NO;
				CLANG_ANALYZER_NONNULL = YES;
				CLANG_ANALYZER_NUMBER_OBJECT_CONVERSION = YES_AGGRESSIVE;
				CLANG_CXX_LANGUAGE_STANDARD = "gnu++14";
				CLANG_CXX_LIBRARY = "libc++";
				CLANG_ENABLE_MODULES = YES;
				CLANG_ENABLE_OBJC_ARC = YES;
				CLANG_ENABLE_OBJC_WEAK = YES;
				CLANG_WARN_BLOCK_CAPTURE_AUTORELEASING = YES;
				CLANG_WARN_BOOL_CONVERSION = YES;
				CLANG_WARN_COMMA = YES;
				CLANG_WARN_CONSTANT_CONVERSION = YES;
				CLANG_WARN_DEPRECATED_OBJC_IMPLEMENTATIONS = YES;
				CLANG_WARN_DIRECT_OBJC_ISA_USAGE = YES_ERROR;
				CLANG_WARN_DOCUMENTATION_COMMENTS = YES;
				CLANG_WARN_EMPTY_BODY = YES;
				CLANG_WARN_ENUM_CONVERSION = YES;
				CLANG_WARN_INFINITE_RECURSION = YES;
				CLANG_WARN_INT_CONVERSION = YES;
				CLANG_WARN_NON_LITERAL_NULL_CONVERSION = YES;
				CLANG_WARN_OBJC_IMPLICIT_RETAIN_SELF = YES;
				CLANG_WARN_OBJC_LITERAL_CONVERSION = YES;
				CLANG_WARN_OBJC_ROOT_CLASS = YES_ERROR;
				CLANG_WARN_RANGE_LOOP_ANALYSIS = YES;
				CLANG_WARN_STRICT_PROTOTYPES = YES;
				CLANG_WARN_SUSPICIOUS_MOVE = YES;
				CLANG_WARN_UNGUARDED_AVAILABILITY = YES_AGGRESSIVE;
				CLANG_WARN_UNREACHABLE_CODE = YES;
				CLANG_WARN__DUPLICATE_METHOD_MATCH = YES;
				CODE_SIGN_IDENTITY = "iPhone Developer";
				COPY_PHASE_STRIP = NO;
				DEBUG_INFORMATION_FORMAT = "dwarf-with-dsym";
				ENABLE_NS_ASSERTIONS = NO;
				ENABLE_STRICT_OBJC_MSGSEND = YES;
				GCC_C_LANGUAGE_STANDARD = gnu11;
				GCC_NO_COMMON_BLOCKS = YES;
				GCC_WARN_64_TO_32_BIT_CONVERSION = YES;
				GCC_WARN_ABOUT_RETURN_TYPE = YES_ERROR;
				GCC_WARN_UNDECLARED_SELECTOR = YES;
				GCC_WARN_UNINITIALIZED_AUTOS = YES_AGGRESSIVE;
				GCC_WARN_UNUSED_FUNCTION = YES;
				GCC_WARN_UNUSED_VARIABLE = YES;
				IPHONEOS_DEPLOYMENT_TARGET = 11.4;
				MTL_ENABLE_DEBUG_INFO = NO;
				SDKROOT = iphoneos;
				SWIFT_COMPILATION_MODE = wholemodule;
				SWIFT_OPTIMIZATION_LEVEL = "-O";
				VALIDATE_PRODUCT = YES;
			};
			name = Release;
		};
		052034372128EFB200526EA6 /* Debug */ = {
			isa = XCBuildConfiguration;
			buildSettings = {
				ASSETCATALOG_COMPILER_APPICON_NAME = AppIcon;
				CODE_SIGN_STYLE = Automatic;
				DEVELOPMENT_TEAM = UYERJT2YKM;
				INFOPLIST_FILE = "long rogue/Info.plist";
				IPHONEOS_DEPLOYMENT_TARGET = 10.2;
				LD_RUNPATH_SEARCH_PATHS = (
					"$(inherited)",
					"@executable_path/Frameworks",
				);
				PRODUCT_BUNDLE_IDENTIFIER = "raf.long-rogue";
				PRODUCT_NAME = "$(TARGET_NAME)";
				SWIFT_VERSION = 4.0;
				TARGETED_DEVICE_FAMILY = "1,2";
			};
			name = Debug;
		};
		052034382128EFB200526EA6 /* Release */ = {
			isa = XCBuildConfiguration;
			buildSettings = {
				ASSETCATALOG_COMPILER_APPICON_NAME = AppIcon;
				CODE_SIGN_STYLE = Automatic;
				DEVELOPMENT_TEAM = UYERJT2YKM;
				INFOPLIST_FILE = "long rogue/Info.plist";
				IPHONEOS_DEPLOYMENT_TARGET = 10.2;
				LD_RUNPATH_SEARCH_PATHS = (
					"$(inherited)",
					"@executable_path/Frameworks",
				);
				PRODUCT_BUNDLE_IDENTIFIER = "raf.long-rogue";
				PRODUCT_NAME = "$(TARGET_NAME)";
				SWIFT_VERSION = 4.0;
				TARGETED_DEVICE_FAMILY = "1,2";
			};
			name = Release;
		};
		0520343A2128EFB200526EA6 /* Debug */ = {
			isa = XCBuildConfiguration;
			buildSettings = {
				ALWAYS_EMBED_SWIFT_STANDARD_LIBRARIES = YES;
				BUNDLE_LOADER = "$(TEST_HOST)";
				CODE_SIGN_STYLE = Automatic;
				DEVELOPMENT_TEAM = UYERJT2YKM;
				INFOPLIST_FILE = "long rogueTests/Info.plist";
				LD_RUNPATH_SEARCH_PATHS = (
					"$(inherited)",
					"@executable_path/Frameworks",
					"@loader_path/Frameworks",
				);
				PRODUCT_BUNDLE_IDENTIFIER = "raf.long-rogueTests";
				PRODUCT_NAME = "$(TARGET_NAME)";
				SWIFT_VERSION = 4.0;
				TARGETED_DEVICE_FAMILY = "1,2";
				TEST_HOST = "$(BUILT_PRODUCTS_DIR)/long rogue.app/long rogue";
			};
			name = Debug;
		};
		0520343B2128EFB200526EA6 /* Release */ = {
			isa = XCBuildConfiguration;
			buildSettings = {
				ALWAYS_EMBED_SWIFT_STANDARD_LIBRARIES = YES;
				BUNDLE_LOADER = "$(TEST_HOST)";
				CODE_SIGN_STYLE = Automatic;
				DEVELOPMENT_TEAM = UYERJT2YKM;
				INFOPLIST_FILE = "long rogueTests/Info.plist";
				LD_RUNPATH_SEARCH_PATHS = (
					"$(inherited)",
					"@executable_path/Frameworks",
					"@loader_path/Frameworks",
				);
				PRODUCT_BUNDLE_IDENTIFIER = "raf.long-rogueTests";
				PRODUCT_NAME = "$(TARGET_NAME)";
				SWIFT_VERSION = 4.0;
				TARGETED_DEVICE_FAMILY = "1,2";
				TEST_HOST = "$(BUILT_PRODUCTS_DIR)/long rogue.app/long rogue";
			};
			name = Release;
		};
		0520343D2128EFB200526EA6 /* Debug */ = {
			isa = XCBuildConfiguration;
			buildSettings = {
				ALWAYS_EMBED_SWIFT_STANDARD_LIBRARIES = YES;
				CODE_SIGN_STYLE = Automatic;
				DEVELOPMENT_TEAM = UYERJT2YKM;
				INFOPLIST_FILE = "long rogueUITests/Info.plist";
				LD_RUNPATH_SEARCH_PATHS = (
					"$(inherited)",
					"@executable_path/Frameworks",
					"@loader_path/Frameworks",
				);
				PRODUCT_BUNDLE_IDENTIFIER = "raf.long-rogueUITests";
				PRODUCT_NAME = "$(TARGET_NAME)";
				SWIFT_VERSION = 4.0;
				TARGETED_DEVICE_FAMILY = "1,2";
				TEST_TARGET_NAME = "long rogue";
			};
			name = Debug;
		};
		0520343E2128EFB200526EA6 /* Release */ = {
			isa = XCBuildConfiguration;
			buildSettings = {
				ALWAYS_EMBED_SWIFT_STANDARD_LIBRARIES = YES;
				CODE_SIGN_STYLE = Automatic;
				DEVELOPMENT_TEAM = UYERJT2YKM;
				INFOPLIST_FILE = "long rogueUITests/Info.plist";
				LD_RUNPATH_SEARCH_PATHS = (
					"$(inherited)",
					"@executable_path/Frameworks",
					"@loader_path/Frameworks",
				);
				PRODUCT_BUNDLE_IDENTIFIER = "raf.long-rogueUITests";
				PRODUCT_NAME = "$(TARGET_NAME)";
				SWIFT_VERSION = 4.0;
				TARGETED_DEVICE_FAMILY = "1,2";
				TEST_TARGET_NAME = "long rogue";
			};
			name = Release;
		};
/* End XCBuildConfiguration section */

/* Begin XCConfigurationList section */
		052034032128EFB000526EA6 /* Build configuration list for PBXProject "long rogue" */ = {
			isa = XCConfigurationList;
			buildConfigurations = (
				052034342128EFB200526EA6 /* Debug */,
				052034352128EFB200526EA6 /* Release */,
			);
			defaultConfigurationIsVisible = 0;
			defaultConfigurationName = Release;
		};
		052034362128EFB200526EA6 /* Build configuration list for PBXNativeTarget "long rogue" */ = {
			isa = XCConfigurationList;
			buildConfigurations = (
				052034372128EFB200526EA6 /* Debug */,
				052034382128EFB200526EA6 /* Release */,
			);
			defaultConfigurationIsVisible = 0;
			defaultConfigurationName = Release;
		};
		052034392128EFB200526EA6 /* Build configuration list for PBXNativeTarget "long rogueTests" */ = {
			isa = XCConfigurationList;
			buildConfigurations = (
				0520343A2128EFB200526EA6 /* Debug */,
				0520343B2128EFB200526EA6 /* Release */,
			);
			defaultConfigurationIsVisible = 0;
			defaultConfigurationName = Release;
		};
		0520343C2128EFB200526EA6 /* Build configuration list for PBXNativeTarget "long rogueUITests" */ = {
			isa = XCConfigurationList;
			buildConfigurations = (
				0520343D2128EFB200526EA6 /* Debug */,
				0520343E2128EFB200526EA6 /* Release */,
			);
			defaultConfigurationIsVisible = 0;
			defaultConfigurationName = Release;
		};
/* End XCConfigurationList section */
	};
	rootObject = 052034002128EFB000526EA6 /* Project object */;
}
